
Microsoft Visual Studio Solution File, Format Version 12.00
# Visual Studio Version 17
VisualStudioVersion = 17.2.32616.157
MinimumVisualStudioVersion = 10.0.40219.1
Project("{FAE04EC0-301F-11D3-BF4B-00C04F79EFBC}") = "day4", "day4.csproj", "{9ECA8B38-A47E-4D7B-9190-37C89E2E8147}"
EndProject
Global
	GlobalSection(SolutionConfigurationPlatforms) = preSolution
		Debug|Any CPU = Debug|Any CPU
		Release|Any CPU = Release|Any CPU
	EndGlobalSection
	GlobalSection(ProjectConfigurationPlatforms) = postSolution
		{9ECA8B38-A47E-4D7B-9190-37C89E2E8147}.Debug|Any CPU.ActiveCfg = Debug|Any CPU
		{9ECA8B38-A47E-4D7B-9190-37C89E2E8147}.Debug|Any CPU.Build.0 = Debug|Any CPU
		{9ECA8B38-A47E-4D7B-9190-37C89E2E8147}.Release|Any CPU.ActiveCfg = Release|Any CPU
		{9ECA8B38-A47E-4D7B-9190-37C89E2E8147}.Release|Any CPU.Build.0 = Release|Any CPU
	EndGlobalSection
	GlobalSection(SolutionProperties) = preSolution
		HideSolutionNode = FALSE
	EndGlobalSection
	GlobalSection(ExtensibilityGlobals) = postSolution
		SolutionGuid = {420C03D3-4244-4F18-8C39-60E778620A36}
	EndGlobalSection
EndGlobal
