
Microsoft Visual Studio Solution File, Format Version 12.00
# Visual Studio Version 17
VisualStudioVersion = 17.2.32616.157
MinimumVisualStudioVersion = 10.0.40219.1
Project("{FAE04EC0-301F-11D3-BF4B-00C04F79EFBC}") = "day2", "day2.csproj", "{E8538507-E7C0-44AE-9F8A-7656C6E3ED8D}"
EndProject
Global
	GlobalSection(SolutionConfigurationPlatforms) = preSolution
		Debug|Any CPU = Debug|Any CPU
		Release|Any CPU = Release|Any CPU
	EndGlobalSection
	GlobalSection(ProjectConfigurationPlatforms) = postSolution
		{E8538507-E7C0-44AE-9F8A-7656C6E3ED8D}.Debug|Any CPU.ActiveCfg = Debug|Any CPU
		{E8538507-E7C0-44AE-9F8A-7656C6E3ED8D}.Debug|Any CPU.Build.0 = Debug|Any CPU
		{E8538507-E7C0-44AE-9F8A-7656C6E3ED8D}.Release|Any CPU.ActiveCfg = Release|Any CPU
		{E8538507-E7C0-44AE-9F8A-7656C6E3ED8D}.Release|Any CPU.Build.0 = Release|Any CPU
	EndGlobalSection
	GlobalSection(SolutionProperties) = preSolution
		HideSolutionNode = FALSE
	EndGlobalSection
	GlobalSection(ExtensibilityGlobals) = postSolution
		SolutionGuid = {36B52A2F-B685-4D4D-8E9D-70B0DA572259}
	EndGlobalSection
EndGlobal
